// !$*UTF8*$!
{
	archiveVersion = 1;
	classes = {
	};
	objectVersion = 48;
	objects = {

/* Begin PBXBuildFile section */
		23A308251FB18C58009EEA97 /* NickNameViewController.swift in Sources */ = {isa = PBXBuildFile; fileRef = 23A308241FB18C58009EEA97 /* NickNameViewController.swift */; };
		23A97721B39B5882B1BFBFC0 /* Pods_RxSwiftDemo.framework in Frameworks */ = {isa = PBXBuildFile; fileRef = B696E31599FFBAB61EEFD4B8 /* Pods_RxSwiftDemo.framework */; };
		23CE765F1FAFFDA0006E5F1A /* AppDelegate.swift in Sources */ = {isa = PBXBuildFile; fileRef = 23CE765E1FAFFDA0006E5F1A /* AppDelegate.swift */; };
		23CE76611FAFFDA0006E5F1A /* ViewController.swift in Sources */ = {isa = PBXBuildFile; fileRef = 23CE76601FAFFDA0006E5F1A /* ViewController.swift */; };
		23CE76641FAFFDA0006E5F1A /* Main.storyboard in Resources */ = {isa = PBXBuildFile; fileRef = 23CE76621FAFFDA0006E5F1A /* Main.storyboard */; };
		23CE76661FAFFDA0006E5F1A /* Assets.xcassets in Resources */ = {isa = PBXBuildFile; fileRef = 23CE76651FAFFDA0006E5F1A /* Assets.xcassets */; };
		23CE76691FAFFDA0006E5F1A /* LaunchScreen.storyboard in Resources */ = {isa = PBXBuildFile; fileRef = 23CE76671FAFFDA0006E5F1A /* LaunchScreen.storyboard */; };
		23CE76711FB01615006E5F1A /* Example1.swift in Sources */ = {isa = PBXBuildFile; fileRef = 23CE76701FB01615006E5F1A /* Example1.swift */; };
		23CE76741FB04B6D006E5F1A /* Protocol.swift in Sources */ = {isa = PBXBuildFile; fileRef = 23CE76731FB04B6D006E5F1A /* Protocol.swift */; };
		23CE76761FB051A9006E5F1A /* Stringsdict File.stringsdict in Resources */ = {isa = PBXBuildFile; fileRef = 23CE76751FB051A9006E5F1A /* Stringsdict File.stringsdict */; };
		23FDA18C1FB40D1E002DC1F8 /* TrendManager.swift in Sources */ = {isa = PBXBuildFile; fileRef = 23FDA18B1FB40D1E002DC1F8 /* TrendManager.swift */; };
		346714B31FB0A325000E6DAB /* Creater.swift in Sources */ = {isa = PBXBuildFile; fileRef = 346714B21FB0A325000E6DAB /* Creater.swift */; };
/* End PBXBuildFile section */

/* Begin PBXFileReference section */
		1CB3BA61127F7B947D7FE1FA /* Pods-RxSwiftDemo.debug.xcconfig */ = {isa = PBXFileReference; includeInIndex = 1; lastKnownFileType = text.xcconfig; name = "Pods-RxSwiftDemo.debug.xcconfig"; path = "Pods/Target Support Files/Pods-RxSwiftDemo/Pods-RxSwiftDemo.debug.xcconfig"; sourceTree = "<group>"; };
		23A308241FB18C58009EEA97 /* NickNameViewController.swift */ = {isa = PBXFileReference; lastKnownFileType = sourcecode.swift; path = NickNameViewController.swift; sourceTree = "<group>"; };
		23CE765B1FAFFDA0006E5F1A /* RxSwiftDemo.app */ = {isa = PBXFileReference; explicitFileType = wrapper.application; includeInIndex = 0; path = RxSwiftDemo.app; sourceTree = BUILT_PRODUCTS_DIR; };
		23CE765E1FAFFDA0006E5F1A /* AppDelegate.swift */ = {isa = PBXFileReference; lastKnownFileType = sourcecode.swift; path = AppDelegate.swift; sourceTree = "<group>"; };
		23CE76601FAFFDA0006E5F1A /* ViewController.swift */ = {isa = PBXFileReference; lastKnownFileType = sourcecode.swift; path = ViewController.swift; sourceTree = "<group>"; };
		23CE76631FAFFDA0006E5F1A /* Base */ = {isa = PBXFileReference; lastKnownFileType = file.storyboard; name = Base; path = Base.lproj/Main.storyboard; sourceTree = "<group>"; };
		23CE76651FAFFDA0006E5F1A /* Assets.xcassets */ = {isa = PBXFileReference; lastKnownFileType = folder.assetcatalog; path = Assets.xcassets; sourceTree = "<group>"; };
		23CE76681FAFFDA0006E5F1A /* Base */ = {isa = PBXFileReference; lastKnownFileType = file.storyboard; name = Base; path = Base.lproj/LaunchScreen.storyboard; sourceTree = "<group>"; };
		23CE766A1FAFFDA0006E5F1A /* Info.plist */ = {isa = PBXFileReference; lastKnownFileType = text.plist.xml; path = Info.plist; sourceTree = "<group>"; };
		23CE76701FB01615006E5F1A /* Example1.swift */ = {isa = PBXFileReference; lastKnownFileType = sourcecode.swift; path = Example1.swift; sourceTree = "<group>"; };
		23CE76721FB0322A006E5F1A /* Shell.sh */ = {isa = PBXFileReference; lastKnownFileType = text.script.sh; path = Shell.sh; sourceTree = "<group>"; };
		23CE76731FB04B6D006E5F1A /* Protocol.swift */ = {isa = PBXFileReference; lastKnownFileType = sourcecode.swift; path = Protocol.swift; sourceTree = "<group>"; };
		23CE76751FB051A9006E5F1A /* Stringsdict File.stringsdict */ = {isa = PBXFileReference; lastKnownFileType = text.plist.stringsdict; path = "Stringsdict File.stringsdict"; sourceTree = "<group>"; };
		23FDA18B1FB40D1E002DC1F8 /* TrendManager.swift */ = {isa = PBXFileReference; lastKnownFileType = sourcecode.swift; path = TrendManager.swift; sourceTree = "<group>"; };
		346714B21FB0A325000E6DAB /* Creater.swift */ = {isa = PBXFileReference; lastKnownFileType = sourcecode.swift; path = Creater.swift; sourceTree = "<group>"; };
		B696E31599FFBAB61EEFD4B8 /* Pods_RxSwiftDemo.framework */ = {isa = PBXFileReference; explicitFileType = wrapper.framework; includeInIndex = 0; path = Pods_RxSwiftDemo.framework; sourceTree = BUILT_PRODUCTS_DIR; };
		FC6026FE82F9B7C5FB717E6E /* Pods-RxSwiftDemo.release.xcconfig */ = {isa = PBXFileReference; includeInIndex = 1; lastKnownFileType = text.xcconfig; name = "Pods-RxSwiftDemo.release.xcconfig"; path = "Pods/Target Support Files/Pods-RxSwiftDemo/Pods-RxSwiftDemo.release.xcconfig"; sourceTree = "<group>"; };
/* End PBXFileReference section */

/* Begin PBXFrameworksBuildPhase section */
		23CE76581FAFFDA0006E5F1A /* Frameworks */ = {
			isa = PBXFrameworksBuildPhase;
			buildActionMask = 2147483647;
			files = (
				23A97721B39B5882B1BFBFC0 /* Pods_RxSwiftDemo.framework in Frameworks */,
			);
			runOnlyForDeploymentPostprocessing = 0;
		};
/* End PBXFrameworksBuildPhase section */

/* Begin PBXGroup section */
		23CE76521FAFFDA0006E5F1A = {
			isa = PBXGroup;
			children = (
				23CE76751FB051A9006E5F1A /* Stringsdict File.stringsdict */,
				23CE765D1FAFFDA0006E5F1A /* RxSwiftDemo */,
				23CE765C1FAFFDA0006E5F1A /* Products */,
				FA272271310FEA715AD8F004 /* Pods */,
				C33B5A280BB25C4DABC9E575 /* Frameworks */,
			);
			sourceTree = "<group>";
		};
		23CE765C1FAFFDA0006E5F1A /* Products */ = {
			isa = PBXGroup;
			children = (
				23CE765B1FAFFDA0006E5F1A /* RxSwiftDemo.app */,
			);
			name = Products;
			sourceTree = "<group>";
		};
		23CE765D1FAFFDA0006E5F1A /* RxSwiftDemo */ = {
			isa = PBXGroup;
			children = (
				23CE765E1FAFFDA0006E5F1A /* AppDelegate.swift */,
				23CE76601FAFFDA0006E5F1A /* ViewController.swift */,
				23CE76621FAFFDA0006E5F1A /* Main.storyboard */,
				23CE76651FAFFDA0006E5F1A /* Assets.xcassets */,
				23CE76671FAFFDA0006E5F1A /* LaunchScreen.storyboard */,
				23CE766A1FAFFDA0006E5F1A /* Info.plist */,
				23CE76701FB01615006E5F1A /* Example1.swift */,
				23CE76721FB0322A006E5F1A /* Shell.sh */,
				23CE76731FB04B6D006E5F1A /* Protocol.swift */,
				346714B21FB0A325000E6DAB /* Creater.swift */,
				23A308241FB18C58009EEA97 /* NickNameViewController.swift */,
				23FDA18B1FB40D1E002DC1F8 /* TrendManager.swift */,
			);
			path = RxSwiftDemo;
			sourceTree = "<group>";
		};
		C33B5A280BB25C4DABC9E575 /* Frameworks */ = {
			isa = PBXGroup;
			children = (
				B696E31599FFBAB61EEFD4B8 /* Pods_RxSwiftDemo.framework */,
			);
			name = Frameworks;
			sourceTree = "<group>";
		};
		FA272271310FEA715AD8F004 /* Pods */ = {
			isa = PBXGroup;
			children = (
				1CB3BA61127F7B947D7FE1FA /* Pods-RxSwiftDemo.debug.xcconfig */,
				FC6026FE82F9B7C5FB717E6E /* Pods-RxSwiftDemo.release.xcconfig */,
			);
			name = Pods;
			sourceTree = "<group>";
		};
/* End PBXGroup section */

/* Begin PBXNativeTarget section */
		23CE765A1FAFFDA0006E5F1A /* RxSwiftDemo */ = {
			isa = PBXNativeTarget;
			buildConfigurationList = 23CE766D1FAFFDA0006E5F1A /* Build configuration list for PBXNativeTarget "RxSwiftDemo" */;
			buildPhases = (
				B80C7F30F0DD2A837AD36B04 /* [CP] Check Pods Manifest.lock */,
				23CE76571FAFFDA0006E5F1A /* Sources */,
				23CE76581FAFFDA0006E5F1A /* Frameworks */,
				23CE76591FAFFDA0006E5F1A /* Resources */,
				CF8DCB916AD0FBCE6F7217B2 /* [CP] Embed Pods Frameworks */,
				9498515CC08DF834E6B45C76 /* [CP] Copy Pods Resources */,
			);
			buildRules = (
			);
			dependencies = (
			);
			name = RxSwiftDemo;
			productName = RxSwiftDemo;
			productReference = 23CE765B1FAFFDA0006E5F1A /* RxSwiftDemo.app */;
			productType = "com.apple.product-type.application";
		};
/* End PBXNativeTarget section */

/* Begin PBXProject section */
		23CE76531FAFFDA0006E5F1A /* Project object */ = {
			isa = PBXProject;
			attributes = {
				LastSwiftUpdateCheck = 0900;
				LastUpgradeCheck = 0900;
				ORGANIZATIONNAME = WangSuyan;
				TargetAttributes = {
					23CE765A1FAFFDA0006E5F1A = {
						CreatedOnToolsVersion = 9.0;
						ProvisioningStyle = Automatic;
					};
				};
			};
			buildConfigurationList = 23CE76561FAFFDA0006E5F1A /* Build configuration list for PBXProject "RxSwiftDemo" */;
			compatibilityVersion = "Xcode 8.0";
			developmentRegion = en;
			hasScannedForEncodings = 0;
			knownRegions = (
				en,
				Base,
			);
			mainGroup = 23CE76521FAFFDA0006E5F1A;
			productRefGroup = 23CE765C1FAFFDA0006E5F1A /* Products */;
			projectDirPath = "";
			projectRoot = "";
			targets = (
				23CE765A1FAFFDA0006E5F1A /* RxSwiftDemo */,
			);
		};
/* End PBXProject section */

/* Begin PBXResourcesBuildPhase section */
		23CE76591FAFFDA0006E5F1A /* Resources */ = {
			isa = PBXResourcesBuildPhase;
			buildActionMask = 2147483647;
			files = (
				23CE76691FAFFDA0006E5F1A /* LaunchScreen.storyboard in Resources */,
				23CE76661FAFFDA0006E5F1A /* Assets.xcassets in Resources */,
				23CE76761FB051A9006E5F1A /* Stringsdict File.stringsdict in Resources */,
				23CE76641FAFFDA0006E5F1A /* Main.storyboard in Resources */,
			);
			runOnlyForDeploymentPostprocessing = 0;
		};
/* End PBXResourcesBuildPhase section */

/* Begin PBXShellScriptBuildPhase section */
		9498515CC08DF834E6B45C76 /* [CP] Copy Pods Resources */ = {
			isa = PBXShellScriptBuildPhase;
			buildActionMask = 2147483647;
			files = (
			);
			inputPaths = (
			);
			name = "[CP] Copy Pods Resources";
			outputPaths = (
			);
			runOnlyForDeploymentPostprocessing = 0;
			shellPath = /bin/sh;
			shellScript = "\"${SRCROOT}/Pods/Target Support Files/Pods-RxSwiftDemo/Pods-RxSwiftDemo-resources.sh\"\n";
			showEnvVarsInLog = 0;
		};
		B80C7F30F0DD2A837AD36B04 /* [CP] Check Pods Manifest.lock */ = {
			isa = PBXShellScriptBuildPhase;
			buildActionMask = 2147483647;
			files = (
			);
			inputPaths = (
				"${PODS_PODFILE_DIR_PATH}/Podfile.lock",
				"${PODS_ROOT}/Manifest.lock",
			);
			name = "[CP] Check Pods Manifest.lock";
			outputPaths = (
				"$(DERIVED_FILE_DIR)/Pods-RxSwiftDemo-checkManifestLockResult.txt",
			);
			runOnlyForDeploymentPostprocessing = 0;
			shellPath = /bin/sh;
			shellScript = "diff \"${PODS_PODFILE_DIR_PATH}/Podfile.lock\" \"${PODS_ROOT}/Manifest.lock\" > /dev/null\nif [ $? != 0 ] ; then\n    # print error to STDERR\n    echo \"error: The sandbox is not in sync with the Podfile.lock. Run 'pod install' or update your CocoaPods installation.\" >&2\n    exit 1\nfi\n# This output is used by Xcode 'outputs' to avoid re-running this script phase.\necho \"SUCCESS\" > \"${SCRIPT_OUTPUT_FILE_0}\"\n";
			showEnvVarsInLog = 0;
		};
		CF8DCB916AD0FBCE6F7217B2 /* [CP] Embed Pods Frameworks */ = {
			isa = PBXShellScriptBuildPhase;
			buildActionMask = 2147483647;
			files = (
			);
			inputPaths = (
				"${SRCROOT}/Pods/Target Support Files/Pods-RxSwiftDemo/Pods-RxSwiftDemo-frameworks.sh",
				"${BUILT_PRODUCTS_DIR}/RxCocoa/RxCocoa.framework",
				"${BUILT_PRODUCTS_DIR}/RxSwift/RxSwift.framework",
			);
			name = "[CP] Embed Pods Frameworks";
			outputPaths = (
				"${TARGET_BUILD_DIR}/${FRAMEWORKS_FOLDER_PATH}/RxCocoa.framework",
				"${TARGET_BUILD_DIR}/${FRAMEWORKS_FOLDER_PATH}/RxSwift.framework",
			);
			runOnlyForDeploymentPostprocessing = 0;
			shellPath = /bin/sh;
			shellScript = "\"${SRCROOT}/Pods/Target Support Files/Pods-RxSwiftDemo/Pods-RxSwiftDemo-frameworks.sh\"\n";
			showEnvVarsInLog = 0;
		};
/* End PBXShellScriptBuildPhase section */

/* Begin PBXSourcesBuildPhase section */
		23CE76571FAFFDA0006E5F1A /* Sources */ = {
			isa = PBXSourcesBuildPhase;
			buildActionMask = 2147483647;
			files = (
				23CE76611FAFFDA0006E5F1A /* ViewController.swift in Sources */,
				23CE76711FB01615006E5F1A /* Example1.swift in Sources */,
				23FDA18C1FB40D1E002DC1F8 /* TrendManager.swift in Sources */,
				346714B31FB0A325000E6DAB /* Creater.swift in Sources */,
				23CE765F1FAFFDA0006E5F1A /* AppDelegate.swift in Sources */,
				23A308251FB18C58009EEA97 /* NickNameViewController.swift in Sources */,
				23CE76741FB04B6D006E5F1A /* Protocol.swift in Sources */,
			);
			runOnlyForDeploymentPostprocessing = 0;
		};
/* End PBXSourcesBuildPhase section */

/* Begin PBXVariantGroup section */
		23CE76621FAFFDA0006E5F1A /* Main.storyboard */ = {
			isa = PBXVariantGroup;
			children = (
				23CE76631FAFFDA0006E5F1A /* Base */,
			);
			name = Main.storyboard;
			sourceTree = "<group>";
		};
		23CE76671FAFFDA0006E5F1A /* LaunchScreen.storyboard */ = {
			isa = PBXVariantGroup;
			children = (
				23CE76681FAFFDA0006E5F1A /* Base */,
			);
			name = LaunchScreen.storyboard;
			sourceTree = "<group>";
		};
/* End PBXVariantGroup section */

/* Begin XCBuildConfiguration section */
		23CE766B1FAFFDA0006E5F1A /* Debug */ = {
			isa = XCBuildConfiguration;
			buildSettings = {
				ALWAYS_SEARCH_USER_PATHS = NO;
				CLANG_ANALYZER_NONNULL = YES;
				CLANG_ANALYZER_NUMBER_OBJECT_CONVERSION = YES_AGGRESSIVE;
				CLANG_CXX_LANGUAGE_STANDARD = "gnu++14";
				CLANG_CXX_LIBRARY = "libc++";
				CLANG_ENABLE_MODULES = YES;
				CLANG_ENABLE_OBJC_ARC = YES;
				CLANG_WARN_BLOCK_CAPTURE_AUTORELEASING = YES;
				CLANG_WARN_BOOL_CONVERSION = YES;
				CLANG_WARN_COMMA = YES;
				CLANG_WARN_CONSTANT_CONVERSION = YES;
				CLANG_WARN_DIRECT_OBJC_ISA_USAGE = YES_ERROR;
				CLANG_WARN_DOCUMENTATION_COMMENTS = YES;
				CLANG_WARN_EMPTY_BODY = YES;
				CLANG_WARN_ENUM_CONVERSION = YES;
				CLANG_WARN_INFINITE_RECURSION = YES;
				CLANG_WARN_INT_CONVERSION = YES;
				CLANG_WARN_NON_LITERAL_NULL_CONVERSION = YES;
				CLANG_WARN_OBJC_LITERAL_CONVERSION = YES;
				CLANG_WARN_OBJC_ROOT_CLASS = YES_ERROR;
				CLANG_WARN_RANGE_LOOP_ANALYSIS = YES;
				CLANG_WARN_STRICT_PROTOTYPES = YES;
				CLANG_WARN_SUSPICIOUS_MOVE = YES;
				CLANG_WARN_UNGUARDED_AVAILABILITY = YES_AGGRESSIVE;
				CLANG_WARN_UNREACHABLE_CODE = YES;
				CLANG_WARN__DUPLICATE_METHOD_MATCH = YES;
				CODE_SIGN_IDENTITY = "iPhone Developer";
				COPY_PHASE_STRIP = NO;
				DEBUG_INFORMATION_FORMAT = dwarf;
				ENABLE_STRICT_OBJC_MSGSEND = YES;
				ENABLE_TESTABILITY = YES;
				GCC_C_LANGUAGE_STANDARD = gnu11;
				GCC_DYNAMIC_NO_PIC = NO;
				GCC_NO_COMMON_BLOCKS = YES;
				GCC_OPTIMIZATION_LEVEL = 0;
				GCC_PREPROCESSOR_DEFINITIONS = (
					"DEBUG=1",
					"$(inherited)",
				);
				GCC_WARN_64_TO_32_BIT_CONVERSION = YES;
				GCC_WARN_ABOUT_RETURN_TYPE = YES_ERROR;
				GCC_WARN_UNDECLARED_SELECTOR = YES;
				GCC_WARN_UNINITIALIZED_AUTOS = YES_AGGRESSIVE;
				GCC_WARN_UNUSED_FUNCTION = YES;
				GCC_WARN_UNUSED_VARIABLE = YES;
				IPHONEOS_DEPLOYMENT_TARGET = 11.0;
				MTL_ENABLE_DEBUG_INFO = YES;
				ONLY_ACTIVE_ARCH = YES;
				SDKROOT = iphoneos;
				SWIFT_ACTIVE_COMPILATION_CONDITIONS = DEBUG;
				SWIFT_OPTIMIZATION_LEVEL = "-Onone";
			};
			name = Debug;
		};
		23CE766C1FAFFDA0006E5F1A /* Release */ = {
			isa = XCBuildConfiguration;
			buildSettings = {
				ALWAYS_SEARCH_USER_PATHS = NO;
				CLANG_ANALYZER_NONNULL = YES;
				CLANG_ANALYZER_NUMBER_OBJECT_CONVERSION = YES_AGGRESSIVE;
				CLANG_CXX_LANGUAGE_STANDARD = "gnu++14";
				CLANG_CXX_LIBRARY = "libc++";
				CLANG_ENABLE_MODULES = YES;
				CLANG_ENABLE_OBJC_ARC = YES;
				CLANG_WARN_BLOCK_CAPTURE_AUTORELEASING = YES;
				CLANG_WARN_BOOL_CONVERSION = YES;
				CLANG_WARN_COMMA = YES;
				CLANG_WARN_CONSTANT_CONVERSION = YES;
				CLANG_WARN_DIRECT_OBJC_ISA_USAGE = YES_ERROR;
				CLANG_WARN_DOCUMENTATION_COMMENTS = YES;
				CLANG_WARN_EMPTY_BODY = YES;
				CLANG_WARN_ENUM_CONVERSION = YES;
				CLANG_WARN_INFINITE_RECURSION = YES;
				CLANG_WARN_INT_CONVERSION = YES;
				CLANG_WARN_NON_LITERAL_NULL_CONVERSION = YES;
				CLANG_WARN_OBJC_LITERAL_CONVERSION = YES;
				CLANG_WARN_OBJC_ROOT_CLASS = YES_ERROR;
				CLANG_WARN_RANGE_LOOP_ANALYSIS = YES;
				CLANG_WARN_STRICT_PROTOTYPES = YES;
				CLANG_WARN_SUSPICIOUS_MOVE = YES;
				CLANG_WARN_UNGUARDED_AVAILABILITY = YES_AGGRESSIVE;
				CLANG_WARN_UNREACHABLE_CODE = YES;
				CLANG_WARN__DUPLICATE_METHOD_MATCH = YES;
				CODE_SIGN_IDENTITY = "iPhone Developer";
				COPY_PHASE_STRIP = NO;
				DEBUG_INFORMATION_FORMAT = "dwarf-with-dsym";
				ENABLE_NS_ASSERTIONS = NO;
				ENABLE_STRICT_OBJC_MSGSEND = YES;
				GCC_C_LANGUAGE_STANDARD = gnu11;
				GCC_NO_COMMON_BLOCKS = YES;
				GCC_WARN_64_TO_32_BIT_CONVERSION = YES;
				GCC_WARN_ABOUT_RETURN_TYPE = YES_ERROR;
				GCC_WARN_UNDECLARED_SELECTOR = YES;
				GCC_WARN_UNINITIALIZED_AUTOS = YES_AGGRESSIVE;
				GCC_WARN_UNUSED_FUNCTION = YES;
				GCC_WARN_UNUSED_VARIABLE = YES;
				IPHONEOS_DEPLOYMENT_TARGET = 11.0;
				MTL_ENABLE_DEBUG_INFO = NO;
				SDKROOT = iphoneos;
				SWIFT_OPTIMIZATION_LEVEL = "-Owholemodule";
				VALIDATE_PRODUCT = YES;
			};
			name = Release;
		};
		23CE766E1FAFFDA0006E5F1A /* Debug */ = {
			isa = XCBuildConfiguration;
			baseConfigurationReference = 1CB3BA61127F7B947D7FE1FA /* Pods-RxSwiftDemo.debug.xcconfig */;
			buildSettings = {
				ASSETCATALOG_COMPILER_APPICON_NAME = AppIcon;
				CODE_SIGN_STYLE = Automatic;
				INFOPLIST_FILE = RxSwiftDemo/Info.plist;
				LD_RUNPATH_SEARCH_PATHS = "$(inherited) @executable_path/Frameworks";
				PRODUCT_BUNDLE_IDENTIFIER = lefe.RxSwiftDemo;
				PRODUCT_NAME = "$(TARGET_NAME)";
				SWIFT_VERSION = 4.0;
				TARGETED_DEVICE_FAMILY = "1,2";
			};
			name = Debug;
		};
		23CE766F1FAFFDA0006E5F1A /* Release */ = {
			isa = XCBuildConfiguration;
			baseConfigurationReference = FC6026FE82F9B7C5FB717E6E /* Pods-RxSwiftDemo.release.xcconfig */;
			buildSettings = {
				ASSETCATALOG_COMPILER_APPICON_NAME = AppIcon;
				CODE_SIGN_STYLE = Automatic;
				INFOPLIST_FILE = RxSwiftDemo/Info.plist;
				LD_RUNPATH_SEARCH_PATHS = "$(inherited) @executable_path/Frameworks";
				PRODUCT_BUNDLE_IDENTIFIER = lefe.RxSwiftDemo;
				PRODUCT_NAME = "$(TARGET_NAME)";
				SWIFT_VERSION = 4.0;
				TARGETED_DEVICE_FAMILY = "1,2";
			};
			name = Release;
		};
/* End XCBuildConfiguration section */

/* Begin XCConfigurationList section */
		23CE76561FAFFDA0006E5F1A /* Build configuration list for PBXProject "RxSwiftDemo" */ = {
			isa = XCConfigurationList;
			buildConfigurations = (
				23CE766B1FAFFDA0006E5F1A /* Debug */,
				23CE766C1FAFFDA0006E5F1A /* Release */,
			);
			defaultConfigurationIsVisible = 0;
			defaultConfigurationName = Release;
		};
		23CE766D1FAFFDA0006E5F1A /* Build configuration list for PBXNativeTarget "RxSwiftDemo" */ = {
			isa = XCConfigurationList;
			buildConfigurations = (
				23CE766E1FAFFDA0006E5F1A /* Debug */,
				23CE766F1FAFFDA0006E5F1A /* Release */,
			);
			defaultConfigurationIsVisible = 0;
			defaultConfigurationName = Release;
		};
/* End XCConfigurationList section */
	};
	rootObject = 23CE76531FAFFDA0006E5F1A /* Project object */;
}
